{
  "name": "geotab-to-sap-iots-example",
  "version": "1.0.0",
  "lockfileVersion": 1,
  "requires": true,
  "dependencies": {
    "@kyleshockey/js-yaml": {
      "version": "1.0.1",
      "resolved": "https://registry.npmjs.org/@kyleshockey/js-yaml/-/js-yaml-1.0.1.tgz",
      "integrity": "sha512-coFyIk1LvTscq1cUU4nCCfYwv+cmG4fCP+wgDKgYZjhM4f++YwZy+g0k+1tUqa4GuUpBTEOGH2KUqKFFWdT73g==",
      "requires": {
        "argparse": "^1.0.7"
      }
    },
    "@kyleshockey/object-assign-deep": {
      "version": "0.4.2",
      "resolved": "https://registry.npmjs.org/@kyleshockey/object-assign-deep/-/object-assign-deep-0.4.2.tgz",
      "integrity": "sha1-hJAPDu/DcnmPR1G1JigwuCCJIuw="
    },
    "argparse": {
      "version": "1.0.10",
      "resolved": "https://registry.npmjs.org/argparse/-/argparse-1.0.10.tgz",
      "integrity": "sha512-o5Roy6tNG4SL/FOkCAN6RzjiakZS25RLYFrcMttJqbdd8BWrnA+fGz57iN5Pb06pvBGvl5gQ0B48dJlslXvoTg==",
      "requires": {
        "sprintf-js": "~1.0.2"
      }
    },
    "async": {
      "version": "2.6.2",
      "resolved": "https://registry.npmjs.org/async/-/async-2.6.2.tgz",
      "integrity": "sha512-H1qVYh1MYhEEFLsP97cVKqCGo7KfCyTt6uEWqsTBr9SO84oK9Uwbyd/yCW+6rKJLHksBNUVWZDAjfS+Ccx0Bbg==",
      "requires": {
        "lodash": "^4.17.11"
      }
    },
    "babel-runtime": {
      "version": "6.26.0",
      "resolved": "https://registry.npmjs.org/babel-runtime/-/babel-runtime-6.26.0.tgz",
      "integrity": "sha1-llxwWGaOgrVde/4E/yM3vItWR/4=",
      "requires": {
        "core-js": "^2.4.0",
        "regenerator-runtime": "^0.11.0"
      }
    },
    "base64-js": {
      "version": "1.3.0",
      "resolved": "https://registry.npmjs.org/base64-js/-/base64-js-1.3.0.tgz",
      "integrity": "sha512-ccav/yGvoa80BQDljCxsmmQ3Xvx60/UpBIij5QN21W3wBi/hhIC9OoO+KLpu9IJTS9j4DRVJ3aDDF9cMSoa2lw=="
    },
    "btoa": {
      "version": "1.1.2",
      "resolved": "https://registry.npmjs.org/btoa/-/btoa-1.1.2.tgz",
      "integrity": "sha1-PkC4FmP4HS3WWWpMtxSo3BbPq+A="
    },
    "buffer": {
      "version": "5.2.1",
      "resolved": "https://registry.npmjs.org/buffer/-/buffer-5.2.1.tgz",
      "integrity": "sha512-c+Ko0loDaFfuPWiL02ls9Xd3GO3cPVmUobQ6t3rXNUk304u6hGq+8N/kFi+QEIKhzK3uwolVhLzszmfLmMLnqg==",
      "requires": {
        "base64-js": "^1.0.2",
        "ieee754": "^1.1.4"
      }
    },
    "combined-stream": {
      "version": "1.0.8",
      "resolved": "https://registry.npmjs.org/combined-stream/-/combined-stream-1.0.8.tgz",
      "integrity": "sha512-FQN4MRfuJeHf7cBbBMJFXhKSDq+2kAArBlmRBvcvFE5BB1HZKXtSFASDhdlz9zOYwxh8lDdnvmMOe/+5cdoEdg==",
      "requires": {
        "delayed-stream": "~1.0.0"
      }
    },
    "cookie": {
      "version": "0.3.1",
      "resolved": "https://registry.npmjs.org/cookie/-/cookie-0.3.1.tgz",
      "integrity": "sha1-5+Ch+e9DtMi6klxcWpboBtFoc7s="
    },
    "core-js": {
      "version": "2.6.8",
      "resolved": "https://registry.npmjs.org/core-js/-/core-js-2.6.8.tgz",
      "integrity": "sha512-RWlREFU74TEkdXzyl1bka66O3kYp8jeTXrvJZDzVVMH8AiHUSOFpL1yfhQJ+wHocAm1m+4971W1PPzfLuCv1vg=="
    },
    "cross-fetch": {
      "version": "0.0.8",
      "resolved": "https://registry.npmjs.org/cross-fetch/-/cross-fetch-0.0.8.tgz",
      "integrity": "sha1-Ae2U3EB98sAPGAf95wCnz6SKIFw=",
      "requires": {
        "node-fetch": "1.7.3",
        "whatwg-fetch": "2.0.3"
      }
    },
    "deep-equal": {
      "version": "1.0.1",
      "resolved": "https://registry.npmjs.org/deep-equal/-/deep-equal-1.0.1.tgz",
      "integrity": "sha1-9dJgKStmDghO/0zbyfCK0yR0SLU="
    },
    "deep-extend": {
      "version": "0.5.1",
      "resolved": "https://registry.npmjs.org/deep-extend/-/deep-extend-0.5.1.tgz",
      "integrity": "sha512-N8vBdOa+DF7zkRrDCsaOXoCs/E2fJfx9B9MrKnnSiHNh4ws7eSys6YQE4KvT1cecKmOASYQBhbKjeuDD9lT81w=="
    },
    "delayed-stream": {
      "version": "1.0.0",
      "resolved": "https://registry.npmjs.org/delayed-stream/-/delayed-stream-1.0.0.tgz",
      "integrity": "sha1-3zrhmayt+31ECqrgsp4icrJOxhk="
    },
    "encode-3986": {
      "version": "1.0.0",
      "resolved": "https://registry.npmjs.org/encode-3986/-/encode-3986-1.0.0.tgz",
      "integrity": "sha1-lA1RSY+HQa3hhLda0UObMXwMemA="
    },
    "encoding": {
      "version": "0.1.12",
      "resolved": "https://registry.npmjs.org/encoding/-/encoding-0.1.12.tgz",
      "integrity": "sha1-U4tm8+5izRq1HsMjgp0flIDHS+s=",
      "requires": {
        "iconv-lite": "~0.4.13"
      }
    },
    "fast-json-patch": {
      "version": "2.1.0",
      "resolved": "https://registry.npmjs.org/fast-json-patch/-/fast-json-patch-2.1.0.tgz",
      "integrity": "sha512-PipOsAKamRw7+CXtKiieehyjUeDVPJ5J7b2kdJYerEf6TSUQoD2ijpVyZ88KQm5YXziff4h762bz3+vzf56khg==",
      "requires": {
        "deep-equal": "^1.0.1"
      }
    },
    "form-data": {
      "version": "1.0.1",
      "resolved": "https://registry.npmjs.org/form-data/-/form-data-1.0.1.tgz",
      "integrity": "sha1-rjFduaSQf6BlUCMEpm13M0de43w=",
      "requires": {
        "async": "^2.0.1",
        "combined-stream": "^1.0.5",
        "mime-types": "^2.1.11"
      }
    },
    "iconv-lite": {
      "version": "0.4.24",
      "resolved": "https://registry.npmjs.org/iconv-lite/-/iconv-lite-0.4.24.tgz",
      "integrity": "sha512-v3MXnZAcvnywkTUEZomIActle7RXXeedOR31wwl7VlyoXO4Qi9arvSenNQWne1TcRwhCL1HwLI21bEqdpj8/rA==",
      "requires": {
        "safer-buffer": ">= 2.1.2 < 3"
      }
    },
    "ieee754": {
      "version": "1.1.13",
      "resolved": "https://registry.npmjs.org/ieee754/-/ieee754-1.1.13.tgz",
      "integrity": "sha512-4vf7I2LYV/HaWerSo3XmlMkp5eZ83i+/CDluXi/IGTs/O1sejBNhTtnxzmRZfvOUqj7lZjqHkeTvpgSFDlWZTg=="
    },
    "is-stream": {
      "version": "1.1.0",
      "resolved": "https://registry.npmjs.org/is-stream/-/is-stream-1.1.0.tgz",
      "integrity": "sha1-EtSj3U5o4Lec6428hBc66A2RykQ="
    },
    "isomorphic-form-data": {
      "version": "0.0.1",
      "resolved": "https://registry.npmjs.org/isomorphic-form-data/-/isomorphic-form-data-0.0.1.tgz",
      "integrity": "sha1-Am9ifgMrDNhBPsyHVZKLlKRosGI=",
      "requires": {
        "form-data": "^1.0.0-rc3"
      }
    },
    "lodash": {
      "version": "4.17.11",
      "resolved": "https://registry.npmjs.org/lodash/-/lodash-4.17.11.tgz",
      "integrity": "sha512-cQKh8igo5QUhZ7lg38DYWAxMvjSAKG0A8wGSVimP07SIUEK2UO+arSRKbRZWtelMtN5V0Hkwh5ryOto/SshYIg=="
    },
    "mg-api-node": {
      "version": "1.2.0",
      "resolved": "https://registry.npmjs.org/mg-api-node/-/mg-api-node-1.2.0.tgz",
      "integrity": "sha512-BssFOP42fBRbmCn34LzofUwGJU8si7JR1+XixKaeDMWZx9gNICX3C/XOkXkhUcgPW/+buKYgEuu1fxZY71jCjQ=="
    },
    "mime-db": {
      "version": "1.40.0",
      "resolved": "https://registry.npmjs.org/mime-db/-/mime-db-1.40.0.tgz",
      "integrity": "sha512-jYdeOMPy9vnxEqFRRo6ZvTZ8d9oPb+k18PKoYNYUe2stVEBPPwsln/qWzdbmaIvnhZ9v2P+CuecK+fpUfsV2mA=="
    },
    "mime-types": {
      "version": "2.1.24",
      "resolved": "https://registry.npmjs.org/mime-types/-/mime-types-2.1.24.tgz",
      "integrity": "sha512-WaFHS3MCl5fapm3oLxU4eYDw77IQM2ACcxQ9RIxfaC3ooc6PFuBMGZZsYpvoXS5D5QTWPieo1jjLdAm3TBP3cQ==",
      "requires": {
        "mime-db": "1.40.0"
      }
    },
    "minimist": {
      "version": "0.0.8",
      "resolved": "https://registry.npmjs.org/minimist/-/minimist-0.0.8.tgz",
      "integrity": "sha1-hX/Kv8M5fSYluCKCYuhqp6ARsF0="
    },
    "mkdirp": {
      "version": "0.5.1",
      "resolved": "https://registry.npmjs.org/mkdirp/-/mkdirp-0.5.1.tgz",
      "integrity": "sha1-MAV0OOrGz3+MR2fzhkjWaX11yQM=",
      "requires": {
        "minimist": "0.0.8"
      }
    },
    "node-fetch": {
      "version": "1.7.3",
      "resolved": "https://registry.npmjs.org/node-fetch/-/node-fetch-1.7.3.tgz",
      "integrity": "sha512-NhZ4CsKx7cYm2vSrBAr2PvFOe6sWDf0UYLRqA6svUYg7+/TSfVAu49jYC4BvQ4Sms9SZgdqGBgroqfDhJdTyKQ==",
      "requires": {
        "encoding": "^0.1.11",
        "is-stream": "^1.0.1"
      }
    },
    "node-persist": {
      "version": "3.0.4",
      "resolved": "https://registry.npmjs.org/node-persist/-/node-persist-3.0.4.tgz",
      "integrity": "sha512-/0r1KYqeEKrVvxwQ513rAUG7sNndoi+qgXdRutfaaRWc4axVeoINq2s5vOZ6xVUWKm67ML0gR5UhBuha6M8VJg==",
      "requires": {
        "mkdirp": "~0.5.1"
      }
    },
    "punycode": {
      "version": "1.3.2",
      "resolved": "https://registry.npmjs.org/punycode/-/punycode-1.3.2.tgz",
      "integrity": "sha1-llOgNvt8HuQjQvIyXM7v6jkmxI0="
    },
    "qs": {
      "version": "6.7.0",
      "resolved": "https://registry.npmjs.org/qs/-/qs-6.7.0.tgz",
      "integrity": "sha512-VCdBRNFTX1fyE7Nb6FYoURo/SPe62QCaAyzJvUjwRaIsc+NePBEniHlvxFmmX56+HZphIGtV0XeCirBtpDrTyQ=="
    },
    "querystring": {
      "version": "0.2.0",
      "resolved": "https://registry.npmjs.org/querystring/-/querystring-0.2.0.tgz",
      "integrity": "sha1-sgmEkgO7Jd+CDadW50cAWHhSFiA="
    },
    "querystring-browser": {
      "version": "1.0.4",
      "resolved": "https://registry.npmjs.org/querystring-browser/-/querystring-browser-1.0.4.tgz",
      "integrity": "sha1-8uNYgYQKgZvHsb9Zf68JeeZiLcY="
    },
    "regenerator-runtime": {
      "version": "0.11.1",
      "resolved": "https://registry.npmjs.org/regenerator-runtime/-/regenerator-runtime-0.11.1.tgz",
      "integrity": "sha512-MguG95oij0fC3QV3URf4V2SDYGJhJnJGqvIIgdECeODCT98wSWDAJ94SSuVpYQUoTcGUIL6L4yNB7j1DFFHSBg=="
    },
    "safer-buffer": {
      "version": "2.1.2",
      "resolved": "https://registry.npmjs.org/safer-buffer/-/safer-buffer-2.1.2.tgz",
      "integrity": "sha512-YZo3K82SD7Riyi0E1EQPojLz7kpepnSQI9IyPbHHg1XXXevb5dJI7tpyN2ADxGcQbHG7vcyRHk0cbwqcQriUtg=="
    },
    "sap-iots-device-rest": {
      "version": "file:../sap-iots-device-rest"
    },
    "sprintf-js": {
      "version": "1.0.3",
      "resolved": "https://registry.npmjs.org/sprintf-js/-/sprintf-js-1.0.3.tgz",
      "integrity": "sha1-BOaSb2YolTVPPdAVIDYzuFcpfiw="
    },
    "swagger-client": {
      "version": "3.8.25",
      "resolved": "https://registry.npmjs.org/swagger-client/-/swagger-client-3.8.25.tgz",
      "integrity": "sha512-7ZtSSPnempsUbCAOJCQ6PyGaNkRoCm6ghOpJlI62ChfMGbLWtlOm8dLlgYiTkP9OAWuNHoRoTzOW14+QmZY1HA==",
      "requires": {
        "@kyleshockey/js-yaml": "^1.0.1",
        "@kyleshockey/object-assign-deep": "^0.4.0",
        "babel-runtime": "^6.26.0",
        "btoa": "1.1.2",
        "buffer": "^5.1.0",
        "cookie": "^0.3.1",
        "cross-fetch": "0.0.8",
        "deep-extend": "^0.5.1",
        "encode-3986": "^1.0.0",
        "fast-json-patch": "^2.0.6",
        "isomorphic-form-data": "0.0.1",
        "lodash": "^4.16.2",
        "qs": "^6.3.0",
        "querystring-browser": "^1.0.4",
        "url": "^0.11.0",
        "utf8-bytes": "0.0.1",
        "utfstring": "^2.0.0"
      }
    },
    "url": {
      "version": "0.11.0",
      "resolved": "https://registry.npmjs.org/url/-/url-0.11.0.tgz",
      "integrity": "sha1-ODjpfPxgUh63PFJajlW/3Z4uKPE=",
      "requires": {
        "punycode": "1.3.2",
        "querystring": "0.2.0"
      }
    },
    "utf8-bytes": {
      "version": "0.0.1",
      "resolved": "https://registry.npmjs.org/utf8-bytes/-/utf8-bytes-0.0.1.tgz",
      "integrity": "sha1-EWsCVEjJtQAIHN+/H01sbDfYg30="
    },
    "utfstring": {
      "version": "2.0.0",
      "resolved": "https://registry.npmjs.org/utfstring/-/utfstring-2.0.0.tgz",
      "integrity": "sha512-/ugBfyvIoLe9xqkFHio3CxXnpUKQ1p2LfTxPr6QTRj6GiwpHo73YGdh03UmAzDQNOWpNIE0J5nLss00L4xlWgg=="
    },
    "whatwg-fetch": {
      "version": "2.0.3",
      "resolved": "https://registry.npmjs.org/whatwg-fetch/-/whatwg-fetch-2.0.3.tgz",
      "integrity": "sha1-nITsLc9oGH/wC8ZOEnS0QhduHIQ="
    }
  }
}
